
Microsoft Visual Studio Solution File, Format Version 12.00
# Visual Studio Version 17
VisualStudioVersion = 17.4.33213.308
MinimumVisualStudioVersion = 10.0.40219.1
Project("{FAE04EC0-301F-11D3-BF4B-00C04F79EFBC}") = "ConsoleApp4", "ConsoleApp4\ConsoleApp4.csproj", "{8485BC1E-79DE-4A25-9F01-526BA3462E0E}"
EndProject
Global
	GlobalSection(SolutionConfigurationPlatforms) = preSolution
		Debug|Any CPU = Debug|Any CPU
		Release|Any CPU = Release|Any CPU
	EndGlobalSection
	GlobalSection(ProjectConfigurationPlatforms) = postSolution
		{8485BC1E-79DE-4A25-9F01-526BA3462E0E}.Debug|Any CPU.ActiveCfg = Debug|Any CPU
		{8485BC1E-79DE-4A25-9F01-526BA3462E0E}.Debug|Any CPU.Build.0 = Debug|Any CPU
		{8485BC1E-79DE-4A25-9F01-526BA3462E0E}.Release|Any CPU.ActiveCfg = Release|Any CPU
		{8485BC1E-79DE-4A25-9F01-526BA3462E0E}.Release|Any CPU.Build.0 = Release|Any CPU
	EndGlobalSection
	GlobalSection(SolutionProperties) = preSolution
		HideSolutionNode = FALSE
	EndGlobalSection
	GlobalSection(ExtensibilityGlobals) = postSolution
		SolutionGuid = {D215AC9B-7DB1-4174-809F-DB2144992BC6}
	EndGlobalSection
EndGlobal
